
Microsoft Visual Studio Solution File, Format Version 12.00
# Visual Studio Version 17
VisualStudioVersion = 17.8.34330.188
MinimumVisualStudioVersion = 10.0.40219.1
Project("{8BC9CEB8-8B4A-11D0-8D11-00A0C91BC942}") = "Tetris 0.1", "Tetris 0.1\Tetris 0.1.vcxproj", "{14474726-5571-429B-9028-A16EBC139918}"
EndProject
Project("{2150E333-8FDC-42A3-9474-1A3956D46DE8}") = "Solution Items", "Solution Items", "{AE9142D3-8B4F-4F22-8C9F-E23F2EBBE143}"
EndProject
Global
	GlobalSection(SolutionConfigurationPlatforms) = preSolution
		Debug|x64 = Debug|x64
		Debug|x86 = Debug|x86
		Release|x64 = Release|x64
		Release|x86 = Release|x86
	EndGlobalSection
	GlobalSection(ProjectConfigurationPlatforms) = postSolution
		{14474726-5571-429B-9028-A16EBC139918}.Debug|x64.ActiveCfg = Debug|x64
		{14474726-5571-429B-9028-A16EBC139918}.Debug|x64.Build.0 = Debug|x64
		{14474726-5571-429B-9028-A16EBC139918}.Debug|x86.ActiveCfg = Debug|Win32
		{14474726-5571-429B-9028-A16EBC139918}.Debug|x86.Build.0 = Debug|Win32
		{14474726-5571-429B-9028-A16EBC139918}.Release|x64.ActiveCfg = Release|x64
		{14474726-5571-429B-9028-A16EBC139918}.Release|x64.Build.0 = Release|x64
		{14474726-5571-429B-9028-A16EBC139918}.Release|x86.ActiveCfg = Release|Win32
		{14474726-5571-429B-9028-A16EBC139918}.Release|x86.Build.0 = Release|Win32
	EndGlobalSection
	GlobalSection(SolutionProperties) = preSolution
		HideSolutionNode = FALSE
	EndGlobalSection
	GlobalSection(ExtensibilityGlobals) = postSolution
		SolutionGuid = {0A6467E8-B4DE-4613-AB56-37A42039722E}
	EndGlobalSection
EndGlobal
